
Microsoft Visual Studio Solution File, Format Version 12.00
# Visual Studio Version 16
VisualStudioVersion = 16.0.30413.136
MinimumVisualStudioVersion = 10.0.40219.1
Project("{FAE04EC0-301F-11D3-BF4B-00C04F79EFBC}") = "S3_Deadline", "S3_Deadline\S3_Deadline.csproj", "{A00A8EFB-C212-4A33-B193-A2D307DDA78B}"
EndProject
Project("{FAE04EC0-301F-11D3-BF4B-00C04F79EFBC}") = "Entities", "Entities\Entities.csproj", "{6F4DD903-6639-4D46-ABE7-D3A0547072DE}"
EndProject
Project("{FAE04EC0-301F-11D3-BF4B-00C04F79EFBC}") = "DataAccess", "DataAccess\DataAccess.csproj", "{BB81C070-C54C-4814-A475-E3A9C53269E2}"
EndProject
Global
	GlobalSection(SolutionConfigurationPlatforms) = preSolution
		Debug|Any CPU = Debug|Any CPU
		Release|Any CPU = Release|Any CPU
	EndGlobalSection
	GlobalSection(ProjectConfigurationPlatforms) = postSolution
		{A00A8EFB-C212-4A33-B193-A2D307DDA78B}.Debug|Any CPU.ActiveCfg = Debug|Any CPU
		{A00A8EFB-C212-4A33-B193-A2D307DDA78B}.Debug|Any CPU.Build.0 = Debug|Any CPU
		{A00A8EFB-C212-4A33-B193-A2D307DDA78B}.Release|Any CPU.ActiveCfg = Release|Any CPU
		{A00A8EFB-C212-4A33-B193-A2D307DDA78B}.Release|Any CPU.Build.0 = Release|Any CPU
		{6F4DD903-6639-4D46-ABE7-D3A0547072DE}.Debug|Any CPU.ActiveCfg = Debug|Any CPU
		{6F4DD903-6639-4D46-ABE7-D3A0547072DE}.Debug|Any CPU.Build.0 = Debug|Any CPU
		{6F4DD903-6639-4D46-ABE7-D3A0547072DE}.Release|Any CPU.ActiveCfg = Release|Any CPU
		{6F4DD903-6639-4D46-ABE7-D3A0547072DE}.Release|Any CPU.Build.0 = Release|Any CPU
		{BB81C070-C54C-4814-A475-E3A9C53269E2}.Debug|Any CPU.ActiveCfg = Debug|Any CPU
		{BB81C070-C54C-4814-A475-E3A9C53269E2}.Debug|Any CPU.Build.0 = Debug|Any CPU
		{BB81C070-C54C-4814-A475-E3A9C53269E2}.Release|Any CPU.ActiveCfg = Release|Any CPU
		{BB81C070-C54C-4814-A475-E3A9C53269E2}.Release|Any CPU.Build.0 = Release|Any CPU
	EndGlobalSection
	GlobalSection(SolutionProperties) = preSolution
		HideSolutionNode = FALSE
	EndGlobalSection
	GlobalSection(ExtensibilityGlobals) = postSolution
		SolutionGuid = {C5B0FC1C-E03D-4A9A-B725-73D7B5FD9F09}
	EndGlobalSection
EndGlobal
